<?xml version="1.0" encoding="utf-8"?>
<Project ToolsVersion="4.0" xmlns="http://schemas.microsoft.com/developer/msbuild/2003">
  <ItemGroup>
    <Filter Include="Source files">
      <UniqueIdentifier>{cf9ba0af-0e2f-4768-adb0-bff3f4ab6ec4}</UniqueIdentifier>
      <Extensions>cpp;c;cc;cxx;def;odl;idl;hpj;bat;asm;asmx</Extensions>
    </Filter>
    <Filter Include="Header files">
      <UniqueIdentifier>{46d2f040-3896-4fc9-a328-577cc5bc7703}</UniqueIdentifier>
      <Extensions>h;hpp;hxx;hm;inl;inc;xsd</Extensions>
    </Filter>
    <Filter Include="Resource files">
      <UniqueIdentifier>{18fcfc72-5e82-407e-988a-9604eddbcd4f}</UniqueIdentifier>
      <Extensions>rc;ico;cur;bmp;dlg;rc2;rct;bin;rgs;gif;jpg;jpeg;jpe;resx;tiff;tif;png;wav</Extensions>
    </Filter>
    <Filter Include="Make files">
      <UniqueIdentifier>{5fdeb634-27a9-4ee5-90ce-7aa3b59f33ed}</UniqueIdentifier>
      <Extensions>*.mak</Extensions>
    </Filter>
  </ItemGroup>
  <ItemGroup>
    <ClCompile Include="YSlow.cpp">
      <Filter>Source files</Filter>
    </ClCompile>
    <ClCompile Include="Logger.cpp">
      <Filter>Source files</Filter>
    </ClCompile>
    <ClCompile Include="ProcessingPipeline.cpp">
      <Filter>Source files</Filter>
    </ClCompile>
    <ClCompile Include="EPoll.cpp">
      <Filter>Source files</Filter>
    </ClCompile>
    <ClCompile Include="Network.cpp">
      <Filter>Source files</Filter>
    </ClCompile>
    <ClCompile Include="ConfigurationProcessor.cpp">
      <Filter>Source files</Filter>
    </ClCompile>
    <ClCompile Include="HTTPConnectionHandler.cpp">
      <Filter>Source files</Filter>
    </ClCompile>
  </ItemGroup>
  <ItemGroup>
    <None Include="Makefile" />
    <None Include="debug.mak">
      <Filter>Make files</Filter>
    </None>
    <None Include="release.mak">
      <Filter>Make files</Filter>
    </None>
  </ItemGroup>
  <ItemGroup>
    <ClInclude Include="Logger.h">
      <Filter>Header files</Filter>
    </ClInclude>
    <ClInclude Include="resource.h">
      <Filter>Header files</Filter>
    </ClInclude>
    <ClInclude Include="ProcessingPipeline.h">
      <Filter>Header files</Filter>
    </ClInclude>
    <ClInclude Include="EPoll.h">
      <Filter>Header files</Filter>
    </ClInclude>
    <ClInclude Include="Network.h">
      <Filter>Header files</Filter>
    </ClInclude>
    <ClInclude Include="ConfigurationProcessor.h">
      <Filter>Header files</Filter>
    </ClInclude>
    <ClInclude Include="HTTPConnectionHandler.h">
      <Filter>Header files</Filter>
    </ClInclude>
  </ItemGroup>
  <ItemGroup>
    <ResourceCompile Include="YSlow.rc">
      <Filter>Resource files</Filter>
    </ResourceCompile>
  </ItemGroup>
</Project>